// !$*UTF8*$!
{
	archiveVersion = 1;
	classes = {
	};
	objectVersion = 56;
	objects = {

/* Begin PBXBuildFile section */
		5AD80AF5BF060EC0C3F04206 /* Pods_QuickForum.framework in Frameworks */ = {isa = PBXBuildFile; fileRef = 4A04E3A0055C16B49F071B92 /* Pods_QuickForum.framework */; };
		800D0DB929368C1C0058B6F5 /* FeedViewController.swift in Sources */ = {isa = PBXBuildFile; fileRef = 800D0DB829368C1C0058B6F5 /* FeedViewController.swift */; };
		800D0DBF29369BB10058B6F5 /* Post.swift in Sources */ = {isa = PBXBuildFile; fileRef = 800D0DBE29369BB10058B6F5 /* Post.swift */; };
		800D0DC129369BD50058B6F5 /* FeedTableViewCell.swift in Sources */ = {isa = PBXBuildFile; fileRef = 800D0DC029369BD50058B6F5 /* FeedTableViewCell.swift */; };
		808E145C293786B500988AF2 /* OwnFeedTableViewCell.swift in Sources */ = {isa = PBXBuildFile; fileRef = 808E145B293786B500988AF2 /* OwnFeedTableViewCell.swift */; };
		80A861E0293631FD00E3A90D /* ProfileViewController.swift in Sources */ = {isa = PBXBuildFile; fileRef = 80A861DF293631FD00E3A90D /* ProfileViewController.swift */; };
		80A861E229363D3400E3A90D /* UploadViewController.swift in Sources */ = {isa = PBXBuildFile; fileRef = 80A861E129363D3400E3A90D /* UploadViewController.swift */; };
		80C9CD2D29356B4A0005D35A /* AppDelegate.swift in Sources */ = {isa = PBXBuildFile; fileRef = 80C9CD2C29356B4A0005D35A /* AppDelegate.swift */; };
		80C9CD2F29356B4A0005D35A /* SceneDelegate.swift in Sources */ = {isa = PBXBuildFile; fileRef = 80C9CD2E29356B4A0005D35A /* SceneDelegate.swift */; };
		80C9CD3129356B4A0005D35A /* ViewController.swift in Sources */ = {isa = PBXBuildFile; fileRef = 80C9CD3029356B4A0005D35A /* ViewController.swift */; };
		80C9CD3429356B4A0005D35A /* Main.storyboard in Resources */ = {isa = PBXBuildFile; fileRef = 80C9CD3229356B4A0005D35A /* Main.storyboard */; };
		80C9CD3629356B4B0005D35A /* Assets.xcassets in Resources */ = {isa = PBXBuildFile; fileRef = 80C9CD3529356B4B0005D35A /* Assets.xcassets */; };
		80C9CD3929356B4B0005D35A /* LaunchScreen.storyboard in Resources */ = {isa = PBXBuildFile; fileRef = 80C9CD3729356B4B0005D35A /* LaunchScreen.storyboard */; };
		80C9CD41293572920005D35A /* RegisterViewController.swift in Sources */ = {isa = PBXBuildFile; fileRef = 80C9CD40293572920005D35A /* RegisterViewController.swift */; };
/* End PBXBuildFile section */

/* Begin PBXFileReference section */
		4A04E3A0055C16B49F071B92 /* Pods_QuickForum.framework */ = {isa = PBXFileReference; explicitFileType = wrapper.framework; includeInIndex = 0; path = Pods_QuickForum.framework; sourceTree = BUILT_PRODUCTS_DIR; };
		800D0DB829368C1C0058B6F5 /* FeedViewController.swift */ = {isa = PBXFileReference; lastKnownFileType = sourcecode.swift; path = FeedViewController.swift; sourceTree = "<group>"; };
		800D0DBE29369BB10058B6F5 /* Post.swift */ = {isa = PBXFileReference; lastKnownFileType = sourcecode.swift; path = Post.swift; sourceTree = "<group>"; };
		800D0DC029369BD50058B6F5 /* FeedTableViewCell.swift */ = {isa = PBXFileReference; lastKnownFileType = sourcecode.swift; path = FeedTableViewCell.swift; sourceTree = "<group>"; };
		808E145B293786B500988AF2 /* OwnFeedTableViewCell.swift */ = {isa = PBXFileReference; lastKnownFileType = sourcecode.swift; path = OwnFeedTableViewCell.swift; sourceTree = "<group>"; };
		80A861DF293631FD00E3A90D /* ProfileViewController.swift */ = {isa = PBXFileReference; lastKnownFileType = sourcecode.swift; path = ProfileViewController.swift; sourceTree = "<group>"; };
		80A861E129363D3400E3A90D /* UploadViewController.swift */ = {isa = PBXFileReference; lastKnownFileType = sourcecode.swift; path = UploadViewController.swift; sourceTree = "<group>"; };
		80C9CD2929356B4A0005D35A /* QuickForum.app */ = {isa = PBXFileReference; explicitFileType = wrapper.application; includeInIndex = 0; path = QuickForum.app; sourceTree = BUILT_PRODUCTS_DIR; };
		80C9CD2C29356B4A0005D35A /* AppDelegate.swift */ = {isa = PBXFileReference; lastKnownFileType = sourcecode.swift; path = AppDelegate.swift; sourceTree = "<group>"; };
		80C9CD2E29356B4A0005D35A /* SceneDelegate.swift */ = {isa = PBXFileReference; lastKnownFileType = sourcecode.swift; path = SceneDelegate.swift; sourceTree = "<group>"; };
		80C9CD3029356B4A0005D35A /* ViewController.swift */ = {isa = PBXFileReference; lastKnownFileType = sourcecode.swift; path = ViewController.swift; sourceTree = "<group>"; };
		80C9CD3329356B4A0005D35A /* Base */ = {isa = PBXFileReference; lastKnownFileType = file.storyboard; name = Base; path = Base.lproj/Main.storyboard; sourceTree = "<group>"; };
		80C9CD3529356B4B0005D35A /* Assets.xcassets */ = {isa = PBXFileReference; lastKnownFileType = folder.assetcatalog; path = Assets.xcassets; sourceTree = "<group>"; };
		80C9CD3829356B4B0005D35A /* Base */ = {isa = PBXFileReference; lastKnownFileType = file.storyboard; name = Base; path = Base.lproj/LaunchScreen.storyboard; sourceTree = "<group>"; };
		80C9CD3A29356B4B0005D35A /* Info.plist */ = {isa = PBXFileReference; lastKnownFileType = text.plist.xml; path = Info.plist; sourceTree = "<group>"; };
		80C9CD40293572920005D35A /* RegisterViewController.swift */ = {isa = PBXFileReference; lastKnownFileType = sourcecode.swift; path = RegisterViewController.swift; sourceTree = "<group>"; };
		C28EB9DA7D188FFF19B80F01 /* Pods-QuickForum.release.xcconfig */ = {isa = PBXFileReference; includeInIndex = 1; lastKnownFileType = text.xcconfig; name = "Pods-QuickForum.release.xcconfig"; path = "Target Support Files/Pods-QuickForum/Pods-QuickForum.release.xcconfig"; sourceTree = "<group>"; };
		E4E667AC203D8AD03564E52A /* Pods-QuickForum.debug.xcconfig */ = {isa = PBXFileReference; includeInIndex = 1; lastKnownFileType = text.xcconfig; name = "Pods-QuickForum.debug.xcconfig"; path = "Target Support Files/Pods-QuickForum/Pods-QuickForum.debug.xcconfig"; sourceTree = "<group>"; };
/* End PBXFileReference section */

/* Begin PBXFrameworksBuildPhase section */
		80C9CD2629356B4A0005D35A /* Frameworks */ = {
			isa = PBXFrameworksBuildPhase;
			buildActionMask = 2147483647;
			files = (
				5AD80AF5BF060EC0C3F04206 /* Pods_QuickForum.framework in Frameworks */,
			);
			runOnlyForDeploymentPostprocessing = 0;
		};
/* End PBXFrameworksBuildPhase section */

/* Begin PBXGroup section */
		27E4BEE5CCFAAF41E3D32C63 /* Frameworks */ = {
			isa = PBXGroup;
			children = (
				4A04E3A0055C16B49F071B92 /* Pods_QuickForum.framework */,
			);
			name = Frameworks;
			sourceTree = "<group>";
		};
		80C9CD2029356B4A0005D35A = {
			isa = PBXGroup;
			children = (
				80C9CD2B29356B4A0005D35A /* QuickForum */,
				80C9CD2A29356B4A0005D35A /* Products */,
				F7D2BA1D0CF5AD236A98466D /* Pods */,
				27E4BEE5CCFAAF41E3D32C63 /* Frameworks */,
			);
			sourceTree = "<group>";
		};
		80C9CD2A29356B4A0005D35A /* Products */ = {
			isa = PBXGroup;
			children = (
				80C9CD2929356B4A0005D35A /* QuickForum.app */,
			);
			name = Products;
			sourceTree = "<group>";
		};
		80C9CD2B29356B4A0005D35A /* QuickForum */ = {
			isa = PBXGroup;
			children = (
				80C9CD2C29356B4A0005D35A /* AppDelegate.swift */,
				80C9CD2E29356B4A0005D35A /* SceneDelegate.swift */,
				80C9CD3029356B4A0005D35A /* ViewController.swift */,
				80C9CD3229356B4A0005D35A /* Main.storyboard */,
				80C9CD3529356B4B0005D35A /* Assets.xcassets */,
				80C9CD3729356B4B0005D35A /* LaunchScreen.storyboard */,
				80C9CD3A29356B4B0005D35A /* Info.plist */,
				80C9CD40293572920005D35A /* RegisterViewController.swift */,
				80A861DF293631FD00E3A90D /* ProfileViewController.swift */,
				80A861E129363D3400E3A90D /* UploadViewController.swift */,
				800D0DB829368C1C0058B6F5 /* FeedViewController.swift */,
				800D0DBE29369BB10058B6F5 /* Post.swift */,
				800D0DC029369BD50058B6F5 /* FeedTableViewCell.swift */,
				808E145B293786B500988AF2 /* OwnFeedTableViewCell.swift */,
			);
			path = QuickForum;
			sourceTree = "<group>";
		};
		F7D2BA1D0CF5AD236A98466D /* Pods */ = {
			isa = PBXGroup;
			children = (
				E4E667AC203D8AD03564E52A /* Pods-QuickForum.debug.xcconfig */,
				C28EB9DA7D188FFF19B80F01 /* Pods-QuickForum.release.xcconfig */,
			);
			path = Pods;
			sourceTree = "<group>";
		};
/* End PBXGroup section */

/* Begin PBXNativeTarget section */
		80C9CD2829356B4A0005D35A /* QuickForum */ = {
			isa = PBXNativeTarget;
			buildConfigurationList = 80C9CD3D29356B4B0005D35A /* Build configuration list for PBXNativeTarget "QuickForum" */;
			buildPhases = (
				E128BD58613471F006DF2D08 /* [CP] Check Pods Manifest.lock */,
				80C9CD2529356B4A0005D35A /* Sources */,
				80C9CD2629356B4A0005D35A /* Frameworks */,
				80C9CD2729356B4A0005D35A /* Resources */,
				4E32874395E4D258E9B31231 /* [CP] Embed Pods Frameworks */,
			);
			buildRules = (
			);
			dependencies = (
			);
			name = QuickForum;
			productName = QuickForum;
			productReference = 80C9CD2929356B4A0005D35A /* QuickForum.app */;
			productType = "com.apple.product-type.application";
		};
/* End PBXNativeTarget section */

/* Begin PBXProject section */
		80C9CD2129356B4A0005D35A /* Project object */ = {
			isa = PBXProject;
			attributes = {
				BuildIndependentTargetsInParallel = 1;
				LastSwiftUpdateCheck = 1410;
				LastUpgradeCheck = 1410;
				TargetAttributes = {
					80C9CD2829356B4A0005D35A = {
						CreatedOnToolsVersion = 14.1;
					};
				};
			};
			buildConfigurationList = 80C9CD2429356B4A0005D35A /* Build configuration list for PBXProject "QuickForum" */;
			compatibilityVersion = "Xcode 14.0";
			developmentRegion = en;
			hasScannedForEncodings = 0;
			knownRegions = (
				en,
				Base,
			);
			mainGroup = 80C9CD2029356B4A0005D35A;
			productRefGroup = 80C9CD2A29356B4A0005D35A /* Products */;
			projectDirPath = "";
			projectRoot = "";
			targets = (
				80C9CD2829356B4A0005D35A /* QuickForum */,
			);
		};
/* End PBXProject section */

/* Begin PBXResourcesBuildPhase section */
		80C9CD2729356B4A0005D35A /* Resources */ = {
			isa = PBXResourcesBuildPhase;
			buildActionMask = 2147483647;
			files = (
				80C9CD3929356B4B0005D35A /* LaunchScreen.storyboard in Resources */,
				80C9CD3629356B4B0005D35A /* Assets.xcassets in Resources */,
				80C9CD3429356B4A0005D35A /* Main.storyboard in Resources */,
			);
			runOnlyForDeploymentPostprocessing = 0;
		};
/* End PBXResourcesBuildPhase section */

/* Begin PBXShellScriptBuildPhase section */
		4E32874395E4D258E9B31231 /* [CP] Embed Pods Frameworks */ = {
			isa = PBXShellScriptBuildPhase;
			buildActionMask = 2147483647;
			files = (
			);
			inputFileListPaths = (
				"${PODS_ROOT}/Target Support Files/Pods-QuickForum/Pods-QuickForum-frameworks-${CONFIGURATION}-input-files.xcfilelist",
			);
			name = "[CP] Embed Pods Frameworks";
			outputFileListPaths = (
				"${PODS_ROOT}/Target Support Files/Pods-QuickForum/Pods-QuickForum-frameworks-${CONFIGURATION}-output-files.xcfilelist",
			);
			runOnlyForDeploymentPostprocessing = 0;
			shellPath = /bin/sh;
			shellScript = "\"${PODS_ROOT}/Target Support Files/Pods-QuickForum/Pods-QuickForum-frameworks.sh\"\n";
			showEnvVarsInLog = 0;
		};
		E128BD58613471F006DF2D08 /* [CP] Check Pods Manifest.lock */ = {
			isa = PBXShellScriptBuildPhase;
			buildActionMask = 2147483647;
			files = (
			);
			inputFileListPaths = (
			);
			inputPaths = (
				"${PODS_PODFILE_DIR_PATH}/Podfile.lock",
				"${PODS_ROOT}/Manifest.lock",
			);
			name = "[CP] Check Pods Manifest.lock";
			outputFileListPaths = (
			);
			outputPaths = (
				"$(DERIVED_FILE_DIR)/Pods-QuickForum-checkManifestLockResult.txt",
			);
			runOnlyForDeploymentPostprocessing = 0;
			shellPath = /bin/sh;
			shellScript = "diff \"${PODS_PODFILE_DIR_PATH}/Podfile.lock\" \"${PODS_ROOT}/Manifest.lock\" > /dev/null\nif [ $? != 0 ] ; then\n    # print error to STDERR\n    echo \"error: The sandbox is not in sync with the Podfile.lock. Run 'pod install' or update your CocoaPods installation.\" >&2\n    exit 1\nfi\n# This output is used by Xcode 'outputs' to avoid re-running this script phase.\necho \"SUCCESS\" > \"${SCRIPT_OUTPUT_FILE_0}\"\n";
			showEnvVarsInLog = 0;
		};
/* End PBXShellScriptBuildPhase section */

/* Begin PBXSourcesBuildPhase section */
		80C9CD2529356B4A0005D35A /* Sources */ = {
			isa = PBXSourcesBuildPhase;
			buildActionMask = 2147483647;
			files = (
				80C9CD3129356B4A0005D35A /* ViewController.swift in Sources */,
				80A861E229363D3400E3A90D /* UploadViewController.swift in Sources */,
				80C9CD2D29356B4A0005D35A /* AppDelegate.swift in Sources */,
				800D0DBF29369BB10058B6F5 /* Post.swift in Sources */,
				808E145C293786B500988AF2 /* OwnFeedTableViewCell.swift in Sources */,
				80A861E0293631FD00E3A90D /* ProfileViewController.swift in Sources */,
				80C9CD2F29356B4A0005D35A /* SceneDelegate.swift in Sources */,
				80C9CD41293572920005D35A /* RegisterViewController.swift in Sources */,
				800D0DC129369BD50058B6F5 /* FeedTableViewCell.swift in Sources */,
				800D0DB929368C1C0058B6F5 /* FeedViewController.swift in Sources */,
			);
			runOnlyForDeploymentPostprocessing = 0;
		};
/* End PBXSourcesBuildPhase section */

/* Begin PBXVariantGroup section */
		80C9CD3229356B4A0005D35A /* Main.storyboard */ = {
			isa = PBXVariantGroup;
			children = (
				80C9CD3329356B4A0005D35A /* Base */,
			);
			name = Main.storyboard;
			sourceTree = "<group>";
		};
		80C9CD3729356B4B0005D35A /* LaunchScreen.storyboard */ = {
			isa = PBXVariantGroup;
			children = (
				80C9CD3829356B4B0005D35A /* Base */,
			);
			name = LaunchScreen.storyboard;
			sourceTree = "<group>";
		};
/* End PBXVariantGroup section */

/* Begin XCBuildConfiguration section */
		80C9CD3B29356B4B0005D35A /* Debug */ = {
			isa = XCBuildConfiguration;
			buildSettings = {
				ALWAYS_SEARCH_USER_PATHS = NO;
				CLANG_ANALYZER_NONNULL = YES;
				CLANG_ANALYZER_NUMBER_OBJECT_CONVERSION = YES_AGGRESSIVE;
				CLANG_CXX_LANGUAGE_STANDARD = "gnu++20";
				CLANG_ENABLE_MODULES = YES;
				CLANG_ENABLE_OBJC_ARC = YES;
				CLANG_ENABLE_OBJC_WEAK = YES;
				CLANG_WARN_BLOCK_CAPTURE_AUTORELEASING = YES;
				CLANG_WARN_BOOL_CONVERSION = YES;
				CLANG_WARN_COMMA = YES;
				CLANG_WARN_CONSTANT_CONVERSION = YES;
				CLANG_WARN_DEPRECATED_OBJC_IMPLEMENTATIONS = YES;
				CLANG_WARN_DIRECT_OBJC_ISA_USAGE = YES_ERROR;
				CLANG_WARN_DOCUMENTATION_COMMENTS = YES;
				CLANG_WARN_EMPTY_BODY = YES;
				CLANG_WARN_ENUM_CONVERSION = YES;
				CLANG_WARN_INFINITE_RECURSION = YES;
				CLANG_WARN_INT_CONVERSION = YES;
				CLANG_WARN_NON_LITERAL_NULL_CONVERSION = YES;
				CLANG_WARN_OBJC_IMPLICIT_RETAIN_SELF = YES;
				CLANG_WARN_OBJC_LITERAL_CONVERSION = YES;
				CLANG_WARN_OBJC_ROOT_CLASS = YES_ERROR;
				CLANG_WARN_QUOTED_INCLUDE_IN_FRAMEWORK_HEADER = YES;
				CLANG_WARN_RANGE_LOOP_ANALYSIS = YES;
				CLANG_WARN_STRICT_PROTOTYPES = YES;
				CLANG_WARN_SUSPICIOUS_MOVE = YES;
				CLANG_WARN_UNGUARDED_AVAILABILITY = YES_AGGRESSIVE;
				CLANG_WARN_UNREACHABLE_CODE = YES;
				CLANG_WARN__DUPLICATE_METHOD_MATCH = YES;
				COPY_PHASE_STRIP = NO;
				DEBUG_INFORMATION_FORMAT = dwarf;
				ENABLE_STRICT_OBJC_MSGSEND = YES;
				ENABLE_TESTABILITY = YES;
				GCC_C_LANGUAGE_STANDARD = gnu11;
				GCC_DYNAMIC_NO_PIC = NO;
				GCC_NO_COMMON_BLOCKS = YES;
				GCC_OPTIMIZATION_LEVEL = 0;
				GCC_PREPROCESSOR_DEFINITIONS = (
					"DEBUG=1",
					"$(inherited)",
				);
				GCC_WARN_64_TO_32_BIT_CONVERSION = YES;
				GCC_WARN_ABOUT_RETURN_TYPE = YES_ERROR;
				GCC_WARN_UNDECLARED_SELECTOR = YES;
				GCC_WARN_UNINITIALIZED_AUTOS = YES_AGGRESSIVE;
				GCC_WARN_UNUSED_FUNCTION = YES;
				GCC_WARN_UNUSED_VARIABLE = YES;
				IPHONEOS_DEPLOYMENT_TARGET = 16.1;
				MTL_ENABLE_DEBUG_INFO = INCLUDE_SOURCE;
				MTL_FAST_MATH = YES;
				ONLY_ACTIVE_ARCH = YES;
				SDKROOT = iphoneos;
				SWIFT_ACTIVE_COMPILATION_CONDITIONS = DEBUG;
				SWIFT_OPTIMIZATION_LEVEL = "-Onone";
			};
			name = Debug;
		};
		80C9CD3C29356B4B0005D35A /* Release */ = {
			isa = XCBuildConfiguration;
			buildSettings = {
				ALWAYS_SEARCH_USER_PATHS = NO;
				CLANG_ANALYZER_NONNULL = YES;
				CLANG_ANALYZER_NUMBER_OBJECT_CONVERSION = YES_AGGRESSIVE;
				CLANG_CXX_LANGUAGE_STANDARD = "gnu++20";
				CLANG_ENABLE_MODULES = YES;
				CLANG_ENABLE_OBJC_ARC = YES;
				CLANG_ENABLE_OBJC_WEAK = YES;
				CLANG_WARN_BLOCK_CAPTURE_AUTORELEASING = YES;
				CLANG_WARN_BOOL_CONVERSION = YES;
				CLANG_WARN_COMMA = YES;
				CLANG_WARN_CONSTANT_CONVERSION = YES;
				CLANG_WARN_DEPRECATED_OBJC_IMPLEMENTATIONS = YES;
				CLANG_WARN_DIRECT_OBJC_ISA_USAGE = YES_ERROR;
				CLANG_WARN_DOCUMENTATION_COMMENTS = YES;
				CLANG_WARN_EMPTY_BODY = YES;
				CLANG_WARN_ENUM_CONVERSION = YES;
				CLANG_WARN_INFINITE_RECURSION = YES;
				CLANG_WARN_INT_CONVERSION = YES;
				CLANG_WARN_NON_LITERAL_NULL_CONVERSION = YES;
				CLANG_WARN_OBJC_IMPLICIT_RETAIN_SELF = YES;
				CLANG_WARN_OBJC_LITERAL_CONVERSION = YES;
				CLANG_WARN_OBJC_ROOT_CLASS = YES_ERROR;
				CLANG_WARN_QUOTED_INCLUDE_IN_FRAMEWORK_HEADER = YES;
				CLANG_WARN_RANGE_LOOP_ANALYSIS = YES;
				CLANG_WARN_STRICT_PROTOTYPES = YES;
				CLANG_WARN_SUSPICIOUS_MOVE = YES;
				CLANG_WARN_UNGUARDED_AVAILABILITY = YES_AGGRESSIVE;
				CLANG_WARN_UNREACHABLE_CODE = YES;
				CLANG_WARN__DUPLICATE_METHOD_MATCH = YES;
				COPY_PHASE_STRIP = NO;
				DEBUG_INFORMATION_FORMAT = "dwarf-with-dsym";
				ENABLE_NS_ASSERTIONS = NO;
				ENABLE_STRICT_OBJC_MSGSEND = YES;
				GCC_C_LANGUAGE_STANDARD = gnu11;
				GCC_NO_COMMON_BLOCKS = YES;
				GCC_WARN_64_TO_32_BIT_CONVERSION = YES;
				GCC_WARN_ABOUT_RETURN_TYPE = YES_ERROR;
				GCC_WARN_UNDECLARED_SELECTOR = YES;
				GCC_WARN_UNINITIALIZED_AUTOS = YES_AGGRESSIVE;
				GCC_WARN_UNUSED_FUNCTION = YES;
				GCC_WARN_UNUSED_VARIABLE = YES;
				IPHONEOS_DEPLOYMENT_TARGET = 16.1;
				MTL_ENABLE_DEBUG_INFO = NO;
				MTL_FAST_MATH = YES;
				SDKROOT = iphoneos;
				SWIFT_COMPILATION_MODE = wholemodule;
				SWIFT_OPTIMIZATION_LEVEL = "-O";
				VALIDATE_PRODUCT = YES;
			};
			name = Release;
		};
		80C9CD3E29356B4B0005D35A /* Debug */ = {
			isa = XCBuildConfiguration;
			baseConfigurationReference = E4E667AC203D8AD03564E52A /* Pods-QuickForum.debug.xcconfig */;
			buildSettings = {
				ASSETCATALOG_COMPILER_APPICON_NAME = AppIcon;
				ASSETCATALOG_COMPILER_GLOBAL_ACCENT_COLOR_NAME = AccentColor;
				CODE_SIGN_STYLE = Automatic;
				CURRENT_PROJECT_VERSION = 1;
				DEVELOPMENT_TEAM = 936XSD7LYL;
				GENERATE_INFOPLIST_FILE = YES;
				INFOPLIST_FILE = QuickForum/Info.plist;
				INFOPLIST_KEY_UIApplicationSupportsIndirectInputEvents = YES;
				INFOPLIST_KEY_UILaunchStoryboardName = LaunchScreen;
				INFOPLIST_KEY_UIMainStoryboardFile = Main;
				INFOPLIST_KEY_UISupportedInterfaceOrientations_iPad = "UIInterfaceOrientationPortrait UIInterfaceOrientationPortraitUpsideDown UIInterfaceOrientationLandscapeLeft UIInterfaceOrientationLandscapeRight";
				INFOPLIST_KEY_UISupportedInterfaceOrientations_iPhone = "UIInterfaceOrientationPortrait UIInterfaceOrientationLandscapeLeft UIInterfaceOrientationLandscapeRight";
				LD_RUNPATH_SEARCH_PATHS = (
					"$(inherited)",
					"@executable_path/Frameworks",
				);
				MARKETING_VERSION = 1.0;
				PRODUCT_BUNDLE_IDENTIFIER = ibrahimmbyrrm.QuickForum;
				PRODUCT_NAME = "$(TARGET_NAME)";
				SWIFT_EMIT_LOC_STRINGS = YES;
				SWIFT_VERSION = 5.0;
				TARGETED_DEVICE_FAMILY = "1,2";
			};
			name = Debug;
		};
		80C9CD3F29356B4B0005D35A /* Release */ = {
			isa = XCBuildConfiguration;
			baseConfigurationReference = C28EB9DA7D188FFF19B80F01 /* Pods-QuickForum.release.xcconfig */;
			buildSettings = {
				ASSETCATALOG_COMPILER_APPICON_NAME = AppIcon;
				ASSETCATALOG_COMPILER_GLOBAL_ACCENT_COLOR_NAME = AccentColor;
				CODE_SIGN_STYLE = Automatic;
				CURRENT_PROJECT_VERSION = 1;
				DEVELOPMENT_TEAM = 936XSD7LYL;
				GENERATE_INFOPLIST_FILE = YES;
				INFOPLIST_FILE = QuickForum/Info.plist;
				INFOPLIST_KEY_UIApplicationSupportsIndirectInputEvents = YES;
				INFOPLIST_KEY_UILaunchStoryboardName = LaunchScreen;
				INFOPLIST_KEY_UIMainStoryboardFile = Main;
				INFOPLIST_KEY_UISupportedInterfaceOrientations_iPad = "UIInterfaceOrientationPortrait UIInterfaceOrientationPortraitUpsideDown UIInterfaceOrientationLandscapeLeft UIInterfaceOrientationLandscapeRight";
				INFOPLIST_KEY_UISupportedInterfaceOrientations_iPhone = "UIInterfaceOrientationPortrait UIInterfaceOrientationLandscapeLeft UIInterfaceOrientationLandscapeRight";
				LD_RUNPATH_SEARCH_PATHS = (
					"$(inherited)",
					"@executable_path/Frameworks",
				);
				MARKETING_VERSION = 1.0;
				PRODUCT_BUNDLE_IDENTIFIER = ibrahimmbyrrm.QuickForum;
				PRODUCT_NAME = "$(TARGET_NAME)";
				SWIFT_EMIT_LOC_STRINGS = YES;
				SWIFT_VERSION = 5.0;
				TARGETED_DEVICE_FAMILY = "1,2";
			};
			name = Release;
		};
/* End XCBuildConfiguration section */

/* Begin XCConfigurationList section */
		80C9CD2429356B4A0005D35A /* Build configuration list for PBXProject "QuickForum" */ = {
			isa = XCConfigurationList;
			buildConfigurations = (
				80C9CD3B29356B4B0005D35A /* Debug */,
				80C9CD3C29356B4B0005D35A /* Release */,
			);
			defaultConfigurationIsVisible = 0;
			defaultConfigurationName = Release;
		};
		80C9CD3D29356B4B0005D35A /* Build configuration list for PBXNativeTarget "QuickForum" */ = {
			isa = XCConfigurationList;
			buildConfigurations = (
				80C9CD3E29356B4B0005D35A /* Debug */,
				80C9CD3F29356B4B0005D35A /* Release */,
			);
			defaultConfigurationIsVisible = 0;
			defaultConfigurationName = Release;
		};
/* End XCConfigurationList section */
	};
	rootObject = 80C9CD2129356B4A0005D35A /* Project object */;
}
